
Microsoft Visual Studio Solution File, Format Version 12.00
# Visual Studio Version 16
VisualStudioVersion = 25.0.1706.4
MinimumVisualStudioVersion = 10.0.40219.1
Project("{FAE04EC0-301F-11D3-BF4B-00C04F79EFBC}") = "DentalCare", "DentalCare.csproj", "{4AA41382-F7AD-4FC6-8561-0C297D28E59E}"
EndProject
Global
	GlobalSection(SolutionConfigurationPlatforms) = preSolution
		Debug|Any CPU = Debug|Any CPU
		Release|Any CPU = Release|Any CPU
	EndGlobalSection
	GlobalSection(ProjectConfigurationPlatforms) = postSolution
		{4AA41382-F7AD-4FC6-8561-0C297D28E59E}.Debug|Any CPU.ActiveCfg = Debug|Any CPU
		{4AA41382-F7AD-4FC6-8561-0C297D28E59E}.Debug|Any CPU.Build.0 = Debug|Any CPU
		{4AA41382-F7AD-4FC6-8561-0C297D28E59E}.Release|Any CPU.ActiveCfg = Release|Any CPU
		{4AA41382-F7AD-4FC6-8561-0C297D28E59E}.Release|Any CPU.Build.0 = Release|Any CPU
	EndGlobalSection
	GlobalSection(SolutionProperties) = preSolution
		HideSolutionNode = FALSE
	EndGlobalSection
	GlobalSection(ExtensibilityGlobals) = postSolution
		SolutionGuid = {B79C8BDE-0212-4201-914C-7F01E3C5B028}
	EndGlobalSection
EndGlobal
